
Microsoft Visual Studio Solution File, Format Version 12.00
# Visual Studio Version 16
VisualStudioVersion = 16.0.30011.22
MinimumVisualStudioVersion = 10.0.40219.1
Project("{888888A0-9F3D-457C-B088-3A5042F75D52}") = "Testat1Py", "Testat1Py.pyproj", "{E1044AEA-A830-4950-9A2C-22388CC2347F}"
EndProject
Global
	GlobalSection(SolutionConfigurationPlatforms) = preSolution
		Debug|Any CPU = Debug|Any CPU
		Release|Any CPU = Release|Any CPU
	EndGlobalSection
	GlobalSection(ProjectConfigurationPlatforms) = postSolution
		{E1044AEA-A830-4950-9A2C-22388CC2347F}.Debug|Any CPU.ActiveCfg = Debug|Any CPU
		{E1044AEA-A830-4950-9A2C-22388CC2347F}.Release|Any CPU.ActiveCfg = Release|Any CPU
	EndGlobalSection
	GlobalSection(SolutionProperties) = preSolution
		HideSolutionNode = FALSE
	EndGlobalSection
	GlobalSection(ExtensibilityGlobals) = postSolution
		SolutionGuid = {1C3A6220-97F6-498E-AFCB-1EDBCEF766C2}
	EndGlobalSection
EndGlobal
