
Microsoft Visual Studio Solution File, Format Version 12.00
# Visual Studio Version 16
VisualStudioVersion = 16.0.30011.22
MinimumVisualStudioVersion = 10.0.40219.1
Project("{888888A0-9F3D-457C-B088-3A5042F75D52}") = "PythonTestGUI", "PythonTestGUI.pyproj", "{88728AB8-388F-453E-AF88-71D812CC830F}"
EndProject
Global
	GlobalSection(SolutionConfigurationPlatforms) = preSolution
		Debug|Any CPU = Debug|Any CPU
		Release|Any CPU = Release|Any CPU
	EndGlobalSection
	GlobalSection(ProjectConfigurationPlatforms) = postSolution
		{88728AB8-388F-453E-AF88-71D812CC830F}.Debug|Any CPU.ActiveCfg = Debug|Any CPU
		{88728AB8-388F-453E-AF88-71D812CC830F}.Release|Any CPU.ActiveCfg = Release|Any CPU
	EndGlobalSection
	GlobalSection(SolutionProperties) = preSolution
		HideSolutionNode = FALSE
	EndGlobalSection
	GlobalSection(ExtensibilityGlobals) = postSolution
		SolutionGuid = {81E17FF2-AEFD-469F-99BA-2DD588E7942A}
	EndGlobalSection
EndGlobal
