
Microsoft Visual Studio Solution File, Format Version 12.00
# Visual Studio Version 16
VisualStudioVersion = 16.0.30011.22
MinimumVisualStudioVersion = 10.0.40219.1
Project("{888888A0-9F3D-457C-B088-3A5042F75D52}") = "IbanCalculatorExtremePY", "IbanCalculatorExtremePY.pyproj", "{BD51DCC7-226F-45FB-B0E7-4835B52FEFD4}"
EndProject
Global
	GlobalSection(SolutionConfigurationPlatforms) = preSolution
		Debug|Any CPU = Debug|Any CPU
		Release|Any CPU = Release|Any CPU
	EndGlobalSection
	GlobalSection(ProjectConfigurationPlatforms) = postSolution
		{BD51DCC7-226F-45FB-B0E7-4835B52FEFD4}.Debug|Any CPU.ActiveCfg = Debug|Any CPU
		{BD51DCC7-226F-45FB-B0E7-4835B52FEFD4}.Release|Any CPU.ActiveCfg = Release|Any CPU
	EndGlobalSection
	GlobalSection(SolutionProperties) = preSolution
		HideSolutionNode = FALSE
	EndGlobalSection
	GlobalSection(ExtensibilityGlobals) = postSolution
		SolutionGuid = {AE90C2E1-30B9-4580-A7D8-93A66217330D}
	EndGlobalSection
EndGlobal
